<?xml version="1.0" encoding="utf-8"?>
<Project ToolsVersion="4.0" xmlns="http://schemas.microsoft.com/developer/msbuild/2003">
  <ItemGroup>
    <Filter Include="Source Files">
      <UniqueIdentifier>{8262B58D-DC88-4F5E-9400-6BB52EC3C6A7}</UniqueIdentifier>
      <Extensions>cpp;c;cc;cxx;def;odl;idl;hpj;bat;asm;asmx</Extensions>
    </Filter>
    <Filter Include="Resource Files">
      <UniqueIdentifier>{88AC8054-C196-4A28-A3E2-34FE97E12288}</UniqueIdentifier>
      <Extensions>rc;ico;cur;bmp;dlg;rc2;rct;bin;rgs;gif;jpg;jpeg;jpe;resx;tiff;tif;png;wav</Extensions>
    </Filter>
  </ItemGroup>
  <ItemGroup>
    <ClCompile Include="XLCALL.CPP">
      <Filter>Source Files</Filter>
    </ClCompile>
    <ClCompile Include="MatManXLLAddIn.C">
      <Filter>Source Files</Filter>
    </ClCompile>
  </ItemGroup>
  <ItemGroup>
    <None Include="makefile">
      <Filter>Source Files</Filter>
    </None>
    <None Include="MatManXLLAddIn.DEF">
      <Filter>Resource Files</Filter>
    </None>
  </ItemGroup>
</Project>